{
  "nodes": {
    "lambdapi": {
      "flake": false,
      "locked": {
        "lastModified": 1608110146,
        "narHash": "sha256-T54YtcdfA4MV5jehiqN6/XmSc28zLP/3jCpVTH2ICQ0=",
        "owner": "ilya-klyuchnikov",
        "repo": "lambdapi",
        "rev": "79ddf21581e03ea34a94cc00ffd5c8684d845ed9",
        "type": "github"
      },
      "original": {
        "owner": "ilya-klyuchnikov",
        "ref": "master",
        "repo": "lambdapi",
        "type": "github"
      }
    },
    "nixpkgs": {
      "locked": {
        "lastModified": 1611396451,
        "narHash": "sha256-ZQDpSOA8NAu4Gzoen0lNtjxHB0GY1VJAC/cByOAvpb8=",
        "owner": "NixOS",
        "repo": "nixpkgs",
        "rev": "f6a583eeece936a1d917de67194fec4b6c74cf1f",
        "type": "github"
      },
      "original": {
        "owner": "NixOS",
        "ref": "master",
        "repo": "nixpkgs",
        "type": "github"
      }
    },
    "root": {
      "inputs": {
        "lambdapi": "lambdapi",
        "nixpkgs": "nixpkgs",
        "smalltt": "smalltt"
      }
    },
    "smalltt": {
      "flake": false,
      "locked": {
        "lastModified": 1617289647,
        "narHash": "sha256-wfkKn4n51dqVHfphWGnupkzx496CRlS9UCmqzsP5XsU=",
        "owner": "zarybnicky",
        "repo": "smalltt",
        "rev": "aa9c69715b253d36ca6611155e5b03c9fde86e83",
        "type": "github"
      },
      "original": {
        "owner": "zarybnicky",
        "ref": "master",
        "repo": "smalltt",
        "type": "github"
      }
    }
  },
  "root": "root",
  "version": 7
}
